
Microsoft Visual Studio Solution File, Format Version 12.00
Project("{FAE04EC0-301F-11D3-BF4B-00C04F79EFBC}") = "AuthService", "AuthService\AuthService.csproj", "{F33C169D-568D-43C7-A6F1-D5BA20151251}"
EndProject
Project("{FAE04EC0-301F-11D3-BF4B-00C04F79EFBC}") = "UserService", "UserService\UserService.csproj", "{90F9E444-B500-4A00-89A6-32AC60BBE0F9}"
EndProject
Project("{FAE04EC0-301F-11D3-BF4B-00C04F79EFBC}") = "UserService.DAL", "UserService.DAL\UserService.DAL.csproj", "{8992576F-0AAA-4590-A277-C81ECCC9015A}"
EndProject
Project("{FAE04EC0-301F-11D3-BF4B-00C04F79EFBC}") = "UserService.Migrator", "UserService.Migrator\UserService.Migrator.csproj", "{29D892F4-C2CF-45CF-BFA9-9A1F24C857CF}"
EndProject
Project("{2150E333-8FDC-42A3-9474-1A3956D46DE8}") = "deploy", "deploy", "{CF3EA29F-4649-41E5-AD00-ED69D89EE402}"
	ProjectSection(SolutionItems) = preProject
		deploy\.helmignore = deploy\.helmignore
		deploy\Chart.lock = deploy\Chart.lock
		deploy\Chart.yaml = deploy\Chart.yaml
		deploy\templates\_helpers.tpl = deploy\templates\_helpers.tpl
		deploy\values.yaml = deploy\values.yaml
	EndProjectSection
EndProject
Project("{2150E333-8FDC-42A3-9474-1A3956D46DE8}") = "templates", "templates", "{97E30B3B-4A2A-4989-998B-A23AA709B9CB}"
	ProjectSection(SolutionItems) = preProject
		deploy\templates\connectionsecret.yaml = deploy\templates\connectionsecret.yaml
		deploy\templates\deploy.yaml = deploy\templates\deploy.yaml
		deploy\templates\ingress.yaml = deploy\templates\ingress.yaml
		deploy\templates\job.yaml = deploy\templates\job.yaml
		deploy\templates\monitor.yaml = deploy\templates\monitor.yaml
		deploy\templates\role.yaml = deploy\templates\role.yaml
		deploy\templates\rolebinding.yaml = deploy\templates\rolebinding.yaml
		deploy\templates\service.yaml = deploy\templates\service.yaml
		deploy\templates\serviceaccount.yaml = deploy\templates\serviceaccount.yaml
		deploy\templates\_helpers.tpl = deploy\templates\_helpers.tpl
	EndProjectSection
EndProject
Project("{FAE04EC0-301F-11D3-BF4B-00C04F79EFBC}") = "AuthServiceV2", "AuthServiceV2\AuthServiceV2.csproj", "{326CB9A5-1791-4ED3-A5BD-05152B69326F}"
EndProject
Global
	GlobalSection(SolutionConfigurationPlatforms) = preSolution
		Debug|Any CPU = Debug|Any CPU
		Release|Any CPU = Release|Any CPU
	EndGlobalSection
	GlobalSection(ProjectConfigurationPlatforms) = postSolution
		{F33C169D-568D-43C7-A6F1-D5BA20151251}.Debug|Any CPU.ActiveCfg = Debug|Any CPU
		{F33C169D-568D-43C7-A6F1-D5BA20151251}.Debug|Any CPU.Build.0 = Debug|Any CPU
		{F33C169D-568D-43C7-A6F1-D5BA20151251}.Release|Any CPU.ActiveCfg = Release|Any CPU
		{F33C169D-568D-43C7-A6F1-D5BA20151251}.Release|Any CPU.Build.0 = Release|Any CPU
		{90F9E444-B500-4A00-89A6-32AC60BBE0F9}.Debug|Any CPU.ActiveCfg = Debug|Any CPU
		{90F9E444-B500-4A00-89A6-32AC60BBE0F9}.Debug|Any CPU.Build.0 = Debug|Any CPU
		{90F9E444-B500-4A00-89A6-32AC60BBE0F9}.Release|Any CPU.ActiveCfg = Release|Any CPU
		{90F9E444-B500-4A00-89A6-32AC60BBE0F9}.Release|Any CPU.Build.0 = Release|Any CPU
		{8992576F-0AAA-4590-A277-C81ECCC9015A}.Debug|Any CPU.ActiveCfg = Debug|Any CPU
		{8992576F-0AAA-4590-A277-C81ECCC9015A}.Debug|Any CPU.Build.0 = Debug|Any CPU
		{8992576F-0AAA-4590-A277-C81ECCC9015A}.Release|Any CPU.ActiveCfg = Release|Any CPU
		{8992576F-0AAA-4590-A277-C81ECCC9015A}.Release|Any CPU.Build.0 = Release|Any CPU
		{29D892F4-C2CF-45CF-BFA9-9A1F24C857CF}.Debug|Any CPU.ActiveCfg = Debug|Any CPU
		{29D892F4-C2CF-45CF-BFA9-9A1F24C857CF}.Debug|Any CPU.Build.0 = Debug|Any CPU
		{29D892F4-C2CF-45CF-BFA9-9A1F24C857CF}.Release|Any CPU.ActiveCfg = Release|Any CPU
		{29D892F4-C2CF-45CF-BFA9-9A1F24C857CF}.Release|Any CPU.Build.0 = Release|Any CPU
		{326CB9A5-1791-4ED3-A5BD-05152B69326F}.Debug|Any CPU.ActiveCfg = Debug|Any CPU
		{326CB9A5-1791-4ED3-A5BD-05152B69326F}.Debug|Any CPU.Build.0 = Debug|Any CPU
		{326CB9A5-1791-4ED3-A5BD-05152B69326F}.Release|Any CPU.ActiveCfg = Release|Any CPU
		{326CB9A5-1791-4ED3-A5BD-05152B69326F}.Release|Any CPU.Build.0 = Release|Any CPU
	EndGlobalSection
	GlobalSection(NestedProjects) = preSolution
		{97E30B3B-4A2A-4989-998B-A23AA709B9CB} = {CF3EA29F-4649-41E5-AD00-ED69D89EE402}
	EndGlobalSection
EndGlobal
